
Microsoft Visual Studio Solution File, Format Version 11.00
# Visual Studio 2010
Project("{FAE04EC0-301F-11D3-BF4B-00C04F79EFBC}") = "admin", "admin\admin.csproj", "{4DA717B9-AD04-4D63-88D1-1D853644D085}"
EndProject
Global
	GlobalSection(SolutionConfigurationPlatforms) = preSolution
		Debug|Any CPU = Debug|Any CPU
		Release|Any CPU = Release|Any CPU
	EndGlobalSection
	GlobalSection(ProjectConfigurationPlatforms) = postSolution
		{4DA717B9-AD04-4D63-88D1-1D853644D085}.Debug|Any CPU.ActiveCfg = Debug|Any CPU
		{4DA717B9-AD04-4D63-88D1-1D853644D085}.Debug|Any CPU.Build.0 = Debug|Any CPU
		{4DA717B9-AD04-4D63-88D1-1D853644D085}.Release|Any CPU.ActiveCfg = Release|Any CPU
		{4DA717B9-AD04-4D63-88D1-1D853644D085}.Release|Any CPU.Build.0 = Release|Any CPU
	EndGlobalSection
	GlobalSection(MonoDevelopProperties) = preSolution
		StartupItem = admin\admin.csproj
	EndGlobalSection
EndGlobal
